
Microsoft Visual Studio Solution File, Format Version 12.00
# Visual Studio Version 17
VisualStudioVersion = 17.5.33516.290
MinimumVisualStudioVersion = 10.0.40219.1
Project("{9A19103F-16F7-4668-BE54-9A1E7A4F7556}") = "UnifiJsonConverter", "UnifiJsonConverter.csproj", "{A13A40A6-420C-42F8-BE8B-71FCB18212C0}"
EndProject
Global
	GlobalSection(SolutionConfigurationPlatforms) = preSolution
		Debug|Any CPU = Debug|Any CPU
		Release|Any CPU = Release|Any CPU
	EndGlobalSection
	GlobalSection(ProjectConfigurationPlatforms) = postSolution
		{A13A40A6-420C-42F8-BE8B-71FCB18212C0}.Debug|Any CPU.ActiveCfg = Debug|Any CPU
		{A13A40A6-420C-42F8-BE8B-71FCB18212C0}.Debug|Any CPU.Build.0 = Debug|Any CPU
		{A13A40A6-420C-42F8-BE8B-71FCB18212C0}.Release|Any CPU.ActiveCfg = Release|Any CPU
		{A13A40A6-420C-42F8-BE8B-71FCB18212C0}.Release|Any CPU.Build.0 = Release|Any CPU
	EndGlobalSection
	GlobalSection(SolutionProperties) = preSolution
		HideSolutionNode = FALSE
	EndGlobalSection
	GlobalSection(ExtensibilityGlobals) = postSolution
		SolutionGuid = {03361699-8E16-4932-9DB0-F082813EC1EF}
	EndGlobalSection
EndGlobal
